
Microsoft Visual Studio Solution File, Format Version 12.00
# Visual Studio 14
VisualStudioVersion = 14.0.25420.1
MinimumVisualStudioVersion = 10.0.40219.1
Project("{FAE04EC0-301F-11D3-BF4B-00C04F79EFBC}") = "Sitecore.Azure.Diagnostics.UI", "Sitecore.Azure.Diagnostics.UI\Sitecore.Azure.Diagnostics.UI.csproj", "{9B619A8D-05AB-4060-A28E-7A7B6E1F37E8}"
EndProject
Project("{FAE04EC0-301F-11D3-BF4B-00C04F79EFBC}") = "Sitecore.Azure.Diagnostics", "Sitecore.Azure.Diagnostics\Sitecore.Azure.Diagnostics.csproj", "{D6AF82E8-2120-4573-90FF-795A10C7D460}"
EndProject
Global
	GlobalSection(SolutionConfigurationPlatforms) = preSolution
		Debug|Any CPU = Debug|Any CPU
		Release|Any CPU = Release|Any CPU
	EndGlobalSection
	GlobalSection(ProjectConfigurationPlatforms) = postSolution
		{9B619A8D-05AB-4060-A28E-7A7B6E1F37E8}.Debug|Any CPU.ActiveCfg = Debug|Any CPU
		{9B619A8D-05AB-4060-A28E-7A7B6E1F37E8}.Debug|Any CPU.Build.0 = Debug|Any CPU
		{9B619A8D-05AB-4060-A28E-7A7B6E1F37E8}.Release|Any CPU.ActiveCfg = Release|Any CPU
		{9B619A8D-05AB-4060-A28E-7A7B6E1F37E8}.Release|Any CPU.Build.0 = Release|Any CPU
		{D6AF82E8-2120-4573-90FF-795A10C7D460}.Debug|Any CPU.ActiveCfg = Debug|Any CPU
		{D6AF82E8-2120-4573-90FF-795A10C7D460}.Debug|Any CPU.Build.0 = Debug|Any CPU
		{D6AF82E8-2120-4573-90FF-795A10C7D460}.Release|Any CPU.ActiveCfg = Release|Any CPU
		{D6AF82E8-2120-4573-90FF-795A10C7D460}.Release|Any CPU.Build.0 = Release|Any CPU
	EndGlobalSection
	GlobalSection(SolutionProperties) = preSolution
		HideSolutionNode = FALSE
	EndGlobalSection
EndGlobal
